
Microsoft Visual Studio Solution File, Format Version 12.00
# Visual Studio Version 16
VisualStudioVersion = 16.0.30804.86
MinimumVisualStudioVersion = 10.0.40219.1
Project("{FAE04EC0-301F-11D3-BF4B-00C04F79EFBC}") = "Example", "Example\Example.csproj", "{74F109C9-AFAA-4231-A618-D3838A041303}"
EndProject
Project("{FAE04EC0-301F-11D3-BF4B-00C04F79EFBC}") = "DectalkNET", "DectalkNET\DectalkNET.csproj", "{5EC5A0AA-F4B0-45AE-83BC-C445E8B57BA0}"
EndProject
Global
	GlobalSection(SolutionConfigurationPlatforms) = preSolution
		Debug|Any CPU = Debug|Any CPU
		Debug|x64 = Debug|x64
		Debug|x86 = Debug|x86
		Release|Any CPU = Release|Any CPU
		Release|x64 = Release|x64
		Release|x86 = Release|x86
	EndGlobalSection
	GlobalSection(ProjectConfigurationPlatforms) = postSolution
		{74F109C9-AFAA-4231-A618-D3838A041303}.Debug|Any CPU.ActiveCfg = Debug|Any CPU
		{74F109C9-AFAA-4231-A618-D3838A041303}.Debug|Any CPU.Build.0 = Debug|Any CPU
		{74F109C9-AFAA-4231-A618-D3838A041303}.Debug|x64.ActiveCfg = Debug|Any CPU
		{74F109C9-AFAA-4231-A618-D3838A041303}.Debug|x64.Build.0 = Debug|Any CPU
		{74F109C9-AFAA-4231-A618-D3838A041303}.Debug|x86.ActiveCfg = Debug|Any CPU
		{74F109C9-AFAA-4231-A618-D3838A041303}.Debug|x86.Build.0 = Debug|Any CPU
		{74F109C9-AFAA-4231-A618-D3838A041303}.Release|Any CPU.ActiveCfg = Release|Any CPU
		{74F109C9-AFAA-4231-A618-D3838A041303}.Release|Any CPU.Build.0 = Release|Any CPU
		{74F109C9-AFAA-4231-A618-D3838A041303}.Release|x64.ActiveCfg = Release|Any CPU
		{74F109C9-AFAA-4231-A618-D3838A041303}.Release|x64.Build.0 = Release|Any CPU
		{74F109C9-AFAA-4231-A618-D3838A041303}.Release|x86.ActiveCfg = Release|Any CPU
		{74F109C9-AFAA-4231-A618-D3838A041303}.Release|x86.Build.0 = Release|Any CPU
		{5EC5A0AA-F4B0-45AE-83BC-C445E8B57BA0}.Debug|Any CPU.ActiveCfg = Debug|Any CPU
		{5EC5A0AA-F4B0-45AE-83BC-C445E8B57BA0}.Debug|Any CPU.Build.0 = Debug|Any CPU
		{5EC5A0AA-F4B0-45AE-83BC-C445E8B57BA0}.Debug|x64.ActiveCfg = Debug|Any CPU
		{5EC5A0AA-F4B0-45AE-83BC-C445E8B57BA0}.Debug|x64.Build.0 = Debug|Any CPU
		{5EC5A0AA-F4B0-45AE-83BC-C445E8B57BA0}.Debug|x86.ActiveCfg = Debug|Any CPU
		{5EC5A0AA-F4B0-45AE-83BC-C445E8B57BA0}.Debug|x86.Build.0 = Debug|Any CPU
		{5EC5A0AA-F4B0-45AE-83BC-C445E8B57BA0}.Release|Any CPU.ActiveCfg = Release|Any CPU
		{5EC5A0AA-F4B0-45AE-83BC-C445E8B57BA0}.Release|Any CPU.Build.0 = Release|Any CPU
		{5EC5A0AA-F4B0-45AE-83BC-C445E8B57BA0}.Release|x64.ActiveCfg = Release|Any CPU
		{5EC5A0AA-F4B0-45AE-83BC-C445E8B57BA0}.Release|x64.Build.0 = Release|Any CPU
		{5EC5A0AA-F4B0-45AE-83BC-C445E8B57BA0}.Release|x86.ActiveCfg = Release|Any CPU
		{5EC5A0AA-F4B0-45AE-83BC-C445E8B57BA0}.Release|x86.Build.0 = Release|Any CPU
	EndGlobalSection
	GlobalSection(SolutionProperties) = preSolution
		HideSolutionNode = FALSE
	EndGlobalSection
	GlobalSection(ExtensibilityGlobals) = postSolution
		SolutionGuid = {E34B1060-0E30-4EC0-8739-6E47E8D57A99}
	EndGlobalSection
EndGlobal
